{
  "name": "examples",
  "lockfileVersion": 3,
  "requires": true,
  "packages": {
    "": {
      "dependencies": {
        "@codize/piston": "^0.0.3"
      }
    },
    "node_modules/@codize/piston": {
      "version": "0.0.3",
      "resolved": "https://registry.npmjs.org/@codize/piston/-/piston-0.0.3.tgz",
      "integrity": "sha512-Scf1YApfrVRGs1mw01Xd8WN5C1pYHusOyV49WtIzuQljIXYR5Edfoz+KfykDZIs3NtXb1esOdiJaDcTSypdbOQ==",
      "license": "MIT",
      "engines": {
        "node": ">=18"
      }
    }
  }
}
